{
  "version": 4,
  "terraform_version": "1.2.8",
  "serial": 5,
  "lineage": "9e4a7f9e-edb7-3a0a-889b-ff7f5fbacda8",
  "outputs": {},
  "resources": [
    {
      "mode": "managed",
      "type": "aws_dynamodb_table",
      "name": "terraform_remote_state",
      "provider": "provider[\"registry.terraform.io/hashicorp/aws\"]",
      "instances": [
        {
          "schema_version": 1,
          "attributes": {
            "arn": "arn:aws:dynamodb:us-east-2:165606158599:table/terraform-remote-state",
            "attribute": [
              {
                "name": "LockID",
                "type": "S"
              }
            ],
            "billing_mode": "PROVISIONED",
            "global_secondary_index": [],
            "hash_key": "LockID",
            "id": "terraform-remote-state",
            "local_secondary_index": [],
            "name": "terraform-remote-state",
            "point_in_time_recovery": [
              {
                "enabled": false
              }
            ],
            "range_key": null,
            "read_capacity": 1,
            "replica": [],
            "restore_date_time": null,
            "restore_source_name": null,
            "restore_to_latest_time": null,
            "server_side_encryption": [],
            "stream_arn": "",
            "stream_enabled": false,
            "stream_label": "",
            "stream_view_type": "",
            "table_class": "",
            "tags": null,
            "tags_all": {},
            "timeouts": null,
            "ttl": [
              {
                "attribute_name": "",
                "enabled": false
              }
            ],
            "write_capacity": 1
          },
          "sensitive_attributes": [],
          "private": "eyJlMmJmYjczMC1lY2FhLTExZTYtOGY4OC0zNDM2M2JjN2M0YzAiOnsiY3JlYXRlIjoxODAwMDAwMDAwMDAwLCJkZWxldGUiOjYwMDAwMDAwMDAwMCwidXBkYXRlIjozNjAwMDAwMDAwMDAwfSwic2NoZW1hX3ZlcnNpb24iOiIxIn0="
        }
      ]
    },
    {
      "mode": "managed",
      "type": "aws_s3_bucket",
      "name": "terraform_remote_state",
      "provider": "provider[\"registry.terraform.io/hashicorp/aws\"]",
      "instances": [
        {
          "schema_version": 0,
          "attributes": {
            "acceleration_status": "",
            "acl": null,
            "arn": "arn:aws:s3:::terraform-remote-state-sz21",
            "bucket": "terraform-remote-state-sz21",
            "bucket_domain_name": "terraform-remote-state-sz21.s3.amazonaws.com",
            "bucket_prefix": null,
            "bucket_regional_domain_name": "terraform-remote-state-sz21.s3.us-east-2.amazonaws.com",
            "cors_rule": [],
            "force_destroy": false,
            "grant": [
              {
                "id": "091ff52b2e9214eb0ced1c098ab49324448c8d49c5d8595a7e2a8640d2f18267",
                "permissions": [
                  "FULL_CONTROL"
                ],
                "type": "CanonicalUser",
                "uri": ""
              }
            ],
            "hosted_zone_id": "Z2O1EMRO9K5GLX",
            "id": "terraform-remote-state-sz21",
            "lifecycle_rule": [],
            "logging": [],
            "object_lock_configuration": [],
            "object_lock_enabled": false,
            "policy": "",
            "region": "us-east-2",
            "replication_configuration": [],
            "request_payer": "BucketOwner",
            "server_side_encryption_configuration": [],
            "tags": {},
            "tags_all": {},
            "timeouts": null,
            "versioning": [
              {
                "enabled": false,
                "mfa_delete": false
              }
            ],
            "website": [],
            "website_domain": null,
            "website_endpoint": null
          },
          "sensitive_attributes": [],
          "private": "eyJlMmJmYjczMC1lY2FhLTExZTYtOGY4OC0zNDM2M2JjN2M0YzAiOnsiY3JlYXRlIjoxMjAwMDAwMDAwMDAwLCJkZWxldGUiOjM2MDAwMDAwMDAwMDAsInJlYWQiOjEyMDAwMDAwMDAwMDAsInVwZGF0ZSI6MTIwMDAwMDAwMDAwMH19"
        }
      ]
    }
  ]
}
